{
  "version": 4,
  "terraform_version": "1.1.9",
  "serial": 599,
  "lineage": "266c29d2-0491-120d-4995-8267229052a7",
  "outputs": {
    "base_url": {
      "value": "https://m78a73enqd.execute-api.eu-west-3.amazonaws.com/dev",
      "type": "string"
    },
    "function_name": {
      "value": "new-project-api-dev",
      "type": "string"
    },
    "mongoDB_url": {
      "value": "mongodb+srv://new-project-cluster-dev.ubbcg.mongodb.net",
      "type": "string"
    }
  },
  "resources": [
    {
      "mode": "data",
      "type": "archive_file",
      "name": "zip",
      "provider": "provider[\"registry.terraform.io/hashicorp/archive\"]",
      "instances": [
        {
          "schema_version": 0,
          "attributes": {
            "excludes": null,
            "id": "a33733b18403719ccd607e807d6dcb6a4db2425e",
            "output_base64sha256": "ypBjPIQCEsWP/94wELuHcE81nIIb7hZxa29UBfgAmOE=",
            "output_file_mode": null,
            "output_md5": "ea93b3ca8149dfa8c02f9c90ab688af5",
            "output_path": "../../dist.zip",
            "output_sha": "a33733b18403719ccd607e807d6dcb6a4db2425e",
            "output_size": 49959591,
            "source": [],
            "source_content": null,
            "source_content_filename": null,
            "source_dir": "../../dist",
            "source_file": null,
            "type": "zip"
          },
          "sensitive_attributes": []
        }
      ]
    },
    {
      "mode": "data",
      "type": "aws_acm_certificate",
      "name": "issued",
      "provider": "provider[\"registry.terraform.io/hashicorp/aws\"]",
      "instances": [
        {
          "schema_version": 0,
          "attributes": {
            "arn": "arn:aws:acm:eu-west-3:955161950504:certificate/70f5c270-5d19-4255-9bd6-8173549e22f7",
            "domain": "*.toutatis.ai",
            "id": "arn:aws:acm:eu-west-3:955161950504:certificate/70f5c270-5d19-4255-9bd6-8173549e22f7",
            "key_types": null,
            "most_recent": false,
            "status": "ISSUED",
            "statuses": [
              "ISSUED"
            ],
            "tags": {},
            "types": null
          },
          "sensitive_attributes": []
        }
      ]
    },
    {
      "mode": "data",
      "type": "aws_caller_identity",
      "name": "current",
      "provider": "provider[\"registry.terraform.io/hashicorp/aws\"]",
      "instances": [
        {
          "schema_version": 0,
          "attributes": {
            "account_id": "955161950504",
            "arn": "arn:aws:iam::955161950504:user/Terraform",
            "id": "955161950504",
            "user_id": "AIDA54ZAWXEUKTAB7TTZI"
          },
          "sensitive_attributes": []
        }
      ]
    },
    {
      "mode": "data",
      "type": "terraform_remote_state",
      "name": "route53_zone",
      "provider": "provider[\"terraform.io/builtin/terraform\"]",
      "instances": [
        {
          "schema_version": 0,
          "attributes": {
            "backend": "local",
            "config": {
              "value": {
                "path": "../common/terraform.tfstate"
              },
              "type": [
                "object",
                {
                  "path": "string"
                }
              ]
            },
            "defaults": null,
            "outputs": {
              "value": {
                "aws_route53_zone_id": "Z017635611MSTS95NEMFZ"
              },
              "type": [
                "object",
                {
                  "aws_route53_zone_id": "string"
                }
              ]
            },
            "workspace": null
          },
          "sensitive_attributes": []
        }
      ]
    },
    {
      "mode": "managed",
      "type": "aws_apigatewayv2_api",
      "name": "api",
      "provider": "provider[\"registry.terraform.io/hashicorp/aws\"]",
      "instances": [
        {
          "schema_version": 0,
          "attributes": {
            "api_endpoint": "https://m78a73enqd.execute-api.eu-west-3.amazonaws.com",
            "api_key_selection_expression": "$request.header.x-api-key",
            "arn": "arn:aws:apigateway:eu-west-3::/apis/m78a73enqd",
            "body": null,
            "cors_configuration": [],
            "credentials_arn": null,
            "description": "",
            "disable_execute_api_endpoint": true,
            "execution_arn": "arn:aws:execute-api:eu-west-3:955161950504:m78a73enqd",
            "fail_on_warnings": null,
            "id": "m78a73enqd",
            "name": "new-project-gateway-dev",
            "protocol_type": "HTTP",
            "route_key": null,
            "route_selection_expression": "$request.method $request.path",
            "tags": null,
            "tags_all": {},
            "target": null,
            "version": ""
          },
          "sensitive_attributes": [],
          "private": "bnVsbA==",
          "create_before_destroy": true
        }
      ]
    },
    {
      "mode": "managed",
      "type": "aws_apigatewayv2_api_mapping",
      "name": "api",
      "provider": "provider[\"registry.terraform.io/hashicorp/aws\"]",
      "instances": [
        {
          "schema_version": 0,
          "attributes": {
            "api_id": "m78a73enqd",
            "api_mapping_key": "",
            "domain_name": "api-dev.toutatis.ai",
            "id": "8536qv",
            "stage": "dev"
          },
          "sensitive_attributes": [],
          "private": "bnVsbA==",
          "dependencies": [
            "aws_apigatewayv2_api.api",
            "aws_apigatewayv2_deployment.deployment",
            "aws_apigatewayv2_domain_name.api",
            "aws_apigatewayv2_integration.api",
            "aws_apigatewayv2_route.api",
            "aws_apigatewayv2_stage.stage",
            "aws_cloudwatch_log_group.gateway",
            "aws_iam_role.lambda_exec",
            "aws_lambda_function.lambda",
            "data.archive_file.zip",
            "data.aws_acm_certificate.issued"
          ]
        }
      ]
    },
    {
      "mode": "managed",
      "type": "aws_apigatewayv2_deployment",
      "name": "deployment",
      "provider": "provider[\"registry.terraform.io/hashicorp/aws\"]",
      "instances": [
        {
          "schema_version": 0,
          "attributes": {
            "api_id": "m78a73enqd",
            "auto_deployed": false,
            "description": "dev deployment",
            "id": "mtdonf",
            "triggers": null
          },
          "sensitive_attributes": [],
          "private": "bnVsbA==",
          "dependencies": [
            "aws_apigatewayv2_api.api",
            "aws_apigatewayv2_integration.api",
            "aws_apigatewayv2_route.api",
            "aws_iam_role.lambda_exec",
            "aws_lambda_function.lambda",
            "data.archive_file.zip"
          ],
          "create_before_destroy": true
        }
      ]
    },
    {
      "mode": "managed",
      "type": "aws_apigatewayv2_domain_name",
      "name": "api",
      "provider": "provider[\"registry.terraform.io/hashicorp/aws\"]",
      "instances": [
        {
          "schema_version": 0,
          "attributes": {
            "api_mapping_selection_expression": "$request.basepath",
            "arn": "arn:aws:apigateway:eu-west-3::/domainnames/api-dev.toutatis.ai",
            "domain_name": "api-dev.toutatis.ai",
            "domain_name_configuration": [
              {
                "certificate_arn": "arn:aws:acm:eu-west-3:955161950504:certificate/70f5c270-5d19-4255-9bd6-8173549e22f7",
                "endpoint_type": "REGIONAL",
                "hosted_zone_id": "Z3KY65QIEKYHQQ",
                "ownership_verification_certificate_arn": "",
                "security_policy": "TLS_1_2",
                "target_domain_name": "d-4l3u86jep6.execute-api.eu-west-3.amazonaws.com"
              }
            ],
            "id": "api-dev.toutatis.ai",
            "mutual_tls_authentication": [],
            "tags": null,
            "tags_all": {},
            "timeouts": null
          },
          "sensitive_attributes": [],
          "private": "eyJlMmJmYjczMC1lY2FhLTExZTYtOGY4OC0zNDM2M2JjN2M0YzAiOnsiY3JlYXRlIjo2MDAwMDAwMDAwMDAsInVwZGF0ZSI6MzYwMDAwMDAwMDAwMH19",
          "dependencies": [
            "data.aws_acm_certificate.issued"
          ]
        }
      ]
    },
    {
      "mode": "managed",
      "type": "aws_apigatewayv2_integration",
      "name": "api",
      "provider": "provider[\"registry.terraform.io/hashicorp/aws\"]",
      "instances": [
        {
          "schema_version": 0,
          "attributes": {
            "api_id": "m78a73enqd",
            "connection_id": "",
            "connection_type": "INTERNET",
            "content_handling_strategy": "",
            "credentials_arn": "",
            "description": "",
            "id": "zzpdygo",
            "integration_method": "POST",
            "integration_response_selection_expression": "",
            "integration_subtype": "",
            "integration_type": "AWS_PROXY",
            "integration_uri": "arn:aws:apigateway:eu-west-3:lambda:path/2015-03-31/functions/arn:aws:lambda:eu-west-3:955161950504:function:new-project-api-dev/invocations",
            "passthrough_behavior": "",
            "payload_format_version": "1.0",
            "request_parameters": null,
            "request_templates": null,
            "response_parameters": [],
            "template_selection_expression": "",
            "timeout_milliseconds": 30000,
            "tls_config": []
          },
          "sensitive_attributes": [],
          "private": "bnVsbA==",
          "dependencies": [
            "aws_apigatewayv2_api.api",
            "aws_iam_role.lambda_exec",
            "aws_lambda_function.lambda",
            "data.archive_file.zip"
          ],
          "create_before_destroy": true
        }
      ]
    },
    {
      "mode": "managed",
      "type": "aws_apigatewayv2_route",
      "name": "api",
      "provider": "provider[\"registry.terraform.io/hashicorp/aws\"]",
      "instances": [
        {
          "schema_version": 0,
          "attributes": {
            "api_id": "m78a73enqd",
            "api_key_required": false,
            "authorization_scopes": null,
            "authorization_type": "NONE",
            "authorizer_id": "",
            "id": "4627w19",
            "model_selection_expression": "",
            "operation_name": "",
            "request_models": null,
            "request_parameter": [],
            "route_key": "$default",
            "route_response_selection_expression": "",
            "target": "integrations/zzpdygo"
          },
          "sensitive_attributes": [],
          "private": "bnVsbA==",
          "dependencies": [
            "aws_apigatewayv2_api.api",
            "aws_apigatewayv2_integration.api",
            "aws_iam_role.lambda_exec",
            "aws_lambda_function.lambda",
            "data.archive_file.zip"
          ],
          "create_before_destroy": true
        }
      ]
    },
    {
      "mode": "managed",
      "type": "aws_apigatewayv2_stage",
      "name": "stage",
      "provider": "provider[\"registry.terraform.io/hashicorp/aws\"]",
      "instances": [
        {
          "schema_version": 0,
          "attributes": {
            "access_log_settings": [
              {
                "destination_arn": "arn:aws:logs:eu-west-3:955161950504:log-group:/aws/gateway/new-project-gateway-dev",
                "format": "{\"httpMethod\":\"$context.httpMethod\",\"integrationErrorMessage\":\"$context.integrationErrorMessage\",\"protocol\":\"$context.protocol\",\"requestId\":\"$context.requestId\",\"requestTime\":\"$context.requestTime\",\"resourcePath\":\"$context.resourcePath\",\"responseLength\":\"$context.responseLength\",\"routeKey\":\"$context.routeKey\",\"sourceIp\":\"$context.identity.sourceIp\",\"status\":\"$context.status\"}"
              }
            ],
            "api_id": "m78a73enqd",
            "arn": "arn:aws:apigateway:eu-west-3::/apis/m78a73enqd/stages/dev",
            "auto_deploy": false,
            "client_certificate_id": "",
            "default_route_settings": [
              {
                "data_trace_enabled": false,
                "detailed_metrics_enabled": false,
                "logging_level": "",
                "throttling_burst_limit": 0,
                "throttling_rate_limit": 0
              }
            ],
            "deployment_id": "mtdonf",
            "description": "",
            "execution_arn": "arn:aws:execute-api:eu-west-3:955161950504:m78a73enqd/dev",
            "id": "dev",
            "invoke_url": "https://m78a73enqd.execute-api.eu-west-3.amazonaws.com/dev",
            "name": "dev",
            "route_settings": [],
            "stage_variables": null,
            "tags": null,
            "tags_all": {}
          },
          "sensitive_attributes": [],
          "private": "bnVsbA==",
          "dependencies": [
            "aws_apigatewayv2_api.api",
            "aws_apigatewayv2_deployment.deployment",
            "aws_apigatewayv2_integration.api",
            "aws_apigatewayv2_route.api",
            "aws_cloudwatch_log_group.gateway",
            "aws_iam_role.lambda_exec",
            "aws_lambda_function.lambda",
            "data.archive_file.zip"
          ]
        }
      ]
    },
    {
      "mode": "managed",
      "type": "aws_cloudwatch_log_group",
      "name": "gateway",
      "provider": "provider[\"registry.terraform.io/hashicorp/aws\"]",
      "instances": [
        {
          "schema_version": 0,
          "attributes": {
            "arn": "arn:aws:logs:eu-west-3:955161950504:log-group:/aws/gateway/new-project-gateway-dev",
            "id": "/aws/gateway/new-project-gateway-dev",
            "kms_key_id": "",
            "name": "/aws/gateway/new-project-gateway-dev",
            "name_prefix": null,
            "retention_in_days": 30,
            "tags": null,
            "tags_all": {}
          },
          "sensitive_attributes": [],
          "private": "bnVsbA==",
          "dependencies": [
            "aws_apigatewayv2_api.api"
          ]
        }
      ]
    },
    {
      "mode": "managed",
      "type": "aws_cloudwatch_log_group",
      "name": "lambda",
      "provider": "provider[\"registry.terraform.io/hashicorp/aws\"]",
      "instances": [
        {
          "schema_version": 0,
          "attributes": {
            "arn": "arn:aws:logs:eu-west-3:955161950504:log-group:/aws/lambda/new-project-api-dev",
            "id": "/aws/lambda/new-project-api-dev",
            "kms_key_id": "",
            "name": "/aws/lambda/new-project-api-dev",
            "name_prefix": null,
            "retention_in_days": 30,
            "tags": null,
            "tags_all": {}
          },
          "sensitive_attributes": [],
          "private": "bnVsbA==",
          "dependencies": [
            "aws_iam_role.lambda_exec",
            "aws_lambda_function.lambda",
            "data.archive_file.zip"
          ]
        }
      ]
    },
    {
      "mode": "managed",
      "type": "aws_iam_role",
      "name": "lambda_exec",
      "provider": "provider[\"registry.terraform.io/hashicorp/aws\"]",
      "instances": [
        {
          "schema_version": 0,
          "attributes": {
            "arn": "arn:aws:iam::955161950504:role/new-project-role-dev",
            "assume_role_policy": "{\"Version\":\"2012-10-17\",\"Statement\":[{\"Sid\":\"\",\"Effect\":\"Allow\",\"Principal\":{\"Service\":\"lambda.amazonaws.com\"},\"Action\":\"sts:AssumeRole\"}]}",
            "create_date": "2022-05-16T20:44:14Z",
            "description": "",
            "force_detach_policies": false,
            "id": "new-project-role-dev",
            "inline_policy": [
              {
                "name": "",
                "policy": ""
              }
            ],
            "managed_policy_arns": [],
            "max_session_duration": 3600,
            "name": "new-project-role-dev",
            "name_prefix": "",
            "path": "/",
            "permissions_boundary": null,
            "tags": null,
            "tags_all": {},
            "unique_id": "AROA54ZAWXEUNIZV6ZRB4"
          },
          "sensitive_attributes": [],
          "private": "bnVsbA==",
          "create_before_destroy": true
        }
      ]
    },
    {
      "mode": "managed",
      "type": "aws_iam_role_policy_attachment",
      "name": "lambda_policy",
      "provider": "provider[\"registry.terraform.io/hashicorp/aws\"]",
      "instances": [
        {
          "schema_version": 0,
          "attributes": {
            "id": "new-project-role-dev-20220516204416428500000001",
            "policy_arn": "arn:aws:iam::aws:policy/service-role/AWSLambdaBasicExecutionRole",
            "role": "new-project-role-dev"
          },
          "sensitive_attributes": [],
          "private": "bnVsbA==",
          "dependencies": [
            "aws_iam_role.lambda_exec"
          ]
        }
      ]
    },
    {
      "mode": "managed",
      "type": "aws_lambda_function",
      "name": "lambda",
      "provider": "provider[\"registry.terraform.io/hashicorp/aws\"]",
      "instances": [
        {
          "schema_version": 0,
          "attributes": {
            "architectures": [],
            "arn": "arn:aws:lambda:eu-west-3:955161950504:function:new-project-api-dev",
            "code_signing_config_arn": "",
            "dead_letter_config": [],
            "description": "",
            "environment": [
              {
                "variables": {
                  "NODE_ENV": "development"
                }
              }
            ],
            "file_system_config": [],
            "filename": "../../dist.zip",
            "function_name": "new-project-api-dev",
            "handler": "lambda.handler",
            "id": "new-project-api-dev",
            "image_config": [],
            "image_uri": "",
            "invoke_arn": "arn:aws:apigateway:eu-west-3:lambda:path/2015-03-31/functions/arn:aws:lambda:eu-west-3:955161950504:function:new-project-api-dev/invocations",
            "kms_key_arn": "",
            "last_modified": "2022-05-16T20:44:27.050+0000",
            "layers": null,
            "memory_size": 128,
            "package_type": "Zip",
            "publish": false,
            "qualified_arn": "arn:aws:lambda:eu-west-3:955161950504:function:new-project-api-dev:$LATEST",
            "reserved_concurrent_executions": -1,
            "role": "arn:aws:iam::955161950504:role/new-project-role-dev",
            "runtime": "nodejs14.x",
            "s3_bucket": null,
            "s3_key": null,
            "s3_object_version": null,
            "signing_job_arn": "",
            "signing_profile_version_arn": "",
            "source_code_hash": "ypBjPIQCEsWP/94wELuHcE81nIIb7hZxa29UBfgAmOE=",
            "source_code_size": 49959591,
            "tags": null,
            "tags_all": {},
            "timeout": 3,
            "timeouts": null,
            "tracing_config": [
              {
                "mode": "PassThrough"
              }
            ],
            "version": "$LATEST",
            "vpc_config": []
          },
          "sensitive_attributes": [],
          "private": "eyJlMmJmYjczMC1lY2FhLTExZTYtOGY4OC0zNDM2M2JjN2M0YzAiOnsiY3JlYXRlIjo2MDAwMDAwMDAwMDB9fQ==",
          "dependencies": [
            "aws_iam_role.lambda_exec",
            "data.archive_file.zip"
          ],
          "create_before_destroy": true
        }
      ]
    },
    {
      "mode": "managed",
      "type": "aws_lambda_permission",
      "name": "permission",
      "provider": "provider[\"registry.terraform.io/hashicorp/aws\"]",
      "instances": [
        {
          "schema_version": 0,
          "attributes": {
            "action": "lambda:InvokeFunction",
            "event_source_token": null,
            "function_name": "new-project-api-dev",
            "id": "AllowExecutionFromAPIGateway",
            "principal": "apigateway.amazonaws.com",
            "qualifier": "",
            "source_account": null,
            "source_arn": "arn:aws:execute-api:eu-west-3:955161950504:m78a73enqd/*/*",
            "statement_id": "AllowExecutionFromAPIGateway",
            "statement_id_prefix": null
          },
          "sensitive_attributes": [],
          "private": "bnVsbA==",
          "dependencies": [
            "aws_apigatewayv2_api.api",
            "aws_iam_role.lambda_exec",
            "aws_lambda_function.lambda",
            "data.archive_file.zip"
          ]
        }
      ]
    },
    {
      "mode": "managed",
      "type": "aws_route53_record",
      "name": "dns_record",
      "provider": "provider[\"registry.terraform.io/hashicorp/aws\"]",
      "instances": [
        {
          "schema_version": 2,
          "attributes": {
            "alias": [
              {
                "evaluate_target_health": true,
                "name": "d-4l3u86jep6.execute-api.eu-west-3.amazonaws.com",
                "zone_id": "Z3KY65QIEKYHQQ"
              }
            ],
            "allow_overwrite": null,
            "failover_routing_policy": [],
            "fqdn": "api-dev.toutatis.ai",
            "geolocation_routing_policy": [],
            "health_check_id": null,
            "id": "Z017635611MSTS95NEMFZ_api-dev.toutatis.ai_A",
            "latency_routing_policy": [],
            "multivalue_answer_routing_policy": null,
            "name": "api-dev.toutatis.ai",
            "records": null,
            "set_identifier": null,
            "ttl": null,
            "type": "A",
            "weighted_routing_policy": [],
            "zone_id": "Z017635611MSTS95NEMFZ"
          },
          "sensitive_attributes": [],
          "private": "eyJzY2hlbWFfdmVyc2lvbiI6IjIifQ==",
          "dependencies": [
            "aws_apigatewayv2_domain_name.api",
            "data.aws_acm_certificate.issued",
            "data.terraform_remote_state.route53_zone"
          ]
        }
      ]
    },
    {
      "mode": "managed",
      "type": "mongodbatlas_cluster",
      "name": "cluster",
      "provider": "provider[\"registry.terraform.io/mongodb/mongodbatlas\"]",
      "instances": [
        {
          "schema_version": 1,
          "attributes": {
            "advanced_configuration": [
              {
                "default_read_concern": "",
                "default_write_concern": "",
                "fail_index_key_too_long": false,
                "javascript_enabled": true,
                "minimum_enabled_tls_protocol": "TLS1_2",
                "no_table_scan": false,
                "oplog_size_mb": 0,
                "sample_refresh_interval_bi_connector": 0,
                "sample_size_bi_connector": 0
              }
            ],
            "auto_scaling_compute_enabled": false,
            "auto_scaling_compute_scale_down_enabled": false,
            "auto_scaling_disk_gb_enabled": true,
            "backing_provider_name": "AWS",
            "backup_enabled": false,
            "bi_connector": null,
            "bi_connector_config": [
              {
                "enabled": false,
                "read_preference": "secondary"
              }
            ],
            "cloud_backup": false,
            "cluster_id": "6282b7a373113f0833394b8f",
            "cluster_type": "REPLICASET",
            "connection_strings": [
              {
                "aws_private_link": {},
                "aws_private_link_srv": {},
                "private": "",
                "private_endpoint": [],
                "private_srv": "",
                "standard": "mongodb://new-project-cluster-dev-shard-00-00.ubbcg.mongodb.net:27017,new-project-cluster-dev-shard-00-01.ubbcg.mongodb.net:27017,new-project-cluster-dev-shard-00-02.ubbcg.mongodb.net:27017/?ssl=true\u0026authSource=admin\u0026replicaSet=atlas-yztk8w-shard-0",
                "standard_srv": "mongodb+srv://new-project-cluster-dev.ubbcg.mongodb.net"
              }
            ],
            "container_id": null,
            "disk_size_gb": 0.5,
            "encryption_at_rest_provider": "NONE",
            "id": "Y2x1c3Rlcl9pZA==:NjI4MmI3YTM3MzExM2YwODMzMzk0Yjhm-Y2x1c3Rlcl9uYW1l:bmV3LXByb2plY3QtY2x1c3Rlci1kZXY=-cHJvamVjdF9pZA==:NjI4MmI3OWUzN2I4OGMyMTgwMTgxYzU3-cHJvdmlkZXJfbmFtZQ==:VEVOQU5U",
            "labels": [],
            "mongo_db_major_version": "5.0",
            "mongo_db_version": "5.0.8",
            "mongo_uri": "mongodb://new-project-cluster-dev-shard-00-00.ubbcg.mongodb.net:27017,new-project-cluster-dev-shard-00-01.ubbcg.mongodb.net:27017,new-project-cluster-dev-shard-00-02.ubbcg.mongodb.net:27017",
            "mongo_uri_updated": "2022-05-16T20:46:42Z",
            "mongo_uri_with_options": "mongodb://new-project-cluster-dev-shard-00-00.ubbcg.mongodb.net:27017,new-project-cluster-dev-shard-00-01.ubbcg.mongodb.net:27017,new-project-cluster-dev-shard-00-02.ubbcg.mongodb.net:27017/?ssl=true\u0026authSource=admin\u0026replicaSet=atlas-yztk8w-shard-0",
            "name": "new-project-cluster-dev",
            "num_shards": 1,
            "paused": false,
            "pit_enabled": false,
            "project_id": "6282b79e37b88c2180181c57",
            "provider_auto_scaling_compute_max_instance_size": "",
            "provider_auto_scaling_compute_min_instance_size": "",
            "provider_backup_enabled": false,
            "provider_disk_iops": null,
            "provider_disk_type_name": "",
            "provider_encrypt_ebs_volume": null,
            "provider_encrypt_ebs_volume_flag": null,
            "provider_instance_size_name": "M0",
            "provider_name": "TENANT",
            "provider_region_name": "EU_WEST_3",
            "provider_volume_type": "",
            "replication_factor": 3,
            "replication_specs": [
              {
                "id": "6282b7a373113f0833394b88",
                "num_shards": 1,
                "regions_config": [
                  {
                    "analytics_nodes": 0,
                    "electable_nodes": 3,
                    "priority": 7,
                    "read_only_nodes": 0,
                    "region_name": "EU_WEST_3"
                  }
                ],
                "zone_name": "ZoneName managed by Terraform"
              }
            ],
            "snapshot_backup_policy": [],
            "srv_address": "mongodb+srv://new-project-cluster-dev.ubbcg.mongodb.net",
            "state_name": "IDLE",
            "version_release_system": "LTS"
          },
          "sensitive_attributes": [],
          "private": "eyJzY2hlbWFfdmVyc2lvbiI6IjEifQ==",
          "dependencies": [
            "mongodbatlas_project.project"
          ]
        }
      ]
    },
    {
      "mode": "managed",
      "type": "mongodbatlas_database_user",
      "name": "user",
      "provider": "provider[\"registry.terraform.io/mongodb/mongodbatlas\"]",
      "instances": [
        {
          "schema_version": 0,
          "attributes": {
            "auth_database_name": "admin",
            "aws_iam_type": "NONE",
            "database_name": null,
            "id": "YXV0aF9kYXRhYmFzZV9uYW1l:YWRtaW4=-cHJvamVjdF9pZA==:NjI4MmI3OWUzN2I4OGMyMTgwMTgxYzU3-dXNlcm5hbWU=:bW9uZ29kYmF0bGFzX3VzZXI=",
            "labels": [],
            "ldap_auth_type": "NONE",
            "password": "mongodbatlas_password",
            "project_id": "6282b79e37b88c2180181c57",
            "roles": [
              {
                "collection_name": "",
                "database_name": "mongodbatlas_dev_database",
                "role_name": "dbAdmin"
              }
            ],
            "scopes": [],
            "username": "mongodbatlas_user",
            "x509_type": "NONE"
          },
          "sensitive_attributes": [],
          "private": "bnVsbA==",
          "dependencies": [
            "mongodbatlas_project.project"
          ]
        }
      ]
    },
    {
      "mode": "managed",
      "type": "mongodbatlas_project",
      "name": "project",
      "provider": "provider[\"registry.terraform.io/mongodb/mongodbatlas\"]",
      "instances": [
        {
          "schema_version": 0,
          "attributes": {
            "api_keys": [
              {
                "api_key_id": "626bf7774f6e60024e6ea218",
                "role_names": [
                  "GROUP_OWNER"
                ]
              }
            ],
            "cluster_count": 0,
            "created": "2022-05-16T20:44:17Z",
            "id": "6282b79e37b88c2180181c57",
            "name": "new-project-mongo-project-dev",
            "org_id": "626bf5b942020521a4c377c7",
            "project_owner_id": null,
            "teams": [],
            "with_default_alerts_settings": true
          },
          "sensitive_attributes": [],
          "private": "bnVsbA=="
        }
      ]
    },
    {
      "mode": "managed",
      "type": "mongodbatlas_project_ip_access_list",
      "name": "access",
      "provider": "provider[\"registry.terraform.io/mongodb/mongodbatlas\"]",
      "instances": [
        {
          "schema_version": 0,
          "attributes": {
            "aws_security_group": "",
            "cidr_block": "0.0.0.0/0",
            "comment": "dev database accessible from anywhere",
            "id": "ZW50cnk=:MC4wLjAuMC8w-cHJvamVjdF9pZA==:NjI4MmI3OWUzN2I4OGMyMTgwMTgxYzU3",
            "ip_address": "",
            "project_id": "6282b79e37b88c2180181c57",
            "timeouts": null
          },
          "sensitive_attributes": [],
          "private": "eyJlMmJmYjczMC1lY2FhLTExZTYtOGY4OC0zNDM2M2JjN2M0YzAiOnsiZGVsZXRlIjoyNzAwMDAwMDAwMDAwLCJyZWFkIjoyNzAwMDAwMDAwMDAwfX0=",
          "dependencies": [
            "mongodbatlas_project.project"
          ]
        }
      ]
    }
  ]
}
